
Microsoft Visual Studio Solution File, Format Version 12.00
Project("{FAE04EC0-301F-11D3-BF4B-00C04F79EFBC}") = "DerriksStreamTools", "DerriksStreamTools\DerriksStreamTools.csproj", "{B4F1FDB1-D50E-4F91-AF8C-21B72FAA9F29}"
EndProject
Global
	GlobalSection(SolutionConfigurationPlatforms) = preSolution
		Debug|Any CPU = Debug|Any CPU
		Release|Any CPU = Release|Any CPU
	EndGlobalSection
	GlobalSection(ProjectConfigurationPlatforms) = postSolution
		{B4F1FDB1-D50E-4F91-AF8C-21B72FAA9F29}.Debug|Any CPU.ActiveCfg = Debug|Any CPU
		{B4F1FDB1-D50E-4F91-AF8C-21B72FAA9F29}.Debug|Any CPU.Build.0 = Debug|Any CPU
		{B4F1FDB1-D50E-4F91-AF8C-21B72FAA9F29}.Release|Any CPU.ActiveCfg = Release|Any CPU
		{B4F1FDB1-D50E-4F91-AF8C-21B72FAA9F29}.Release|Any CPU.Build.0 = Release|Any CPU
	EndGlobalSection
EndGlobal
